{
  "projects": [
    {
      "projectId": "iSzU1ZKEjf8SRxfxLxQeEs",
      "version": "latest",
      "dependencies": {},
      "lang": "ts",
      "fileLocks": [
        {
          "type": "globalVariant",
          "assetId": "VmCMmEjLu6Jqf",
          "checksum": "a959fe22e6d652baa2096f2be52d5dae"
        },
        {
          "assetId": "iSzU1ZKEjf8SRxfxLxQeEs",
          "type": "projectCss",
          "checksum": "d53f4b01eb0299b011fa57f615bf985c"
        },
        {
          "type": "renderModule",
          "assetId": "1GgNv8wkVO5l",
          "checksum": "afd470e4c2874065def22b7e061357e2"
        },
        {
          "type": "cssRules",
          "assetId": "1GgNv8wkVO5l",
          "checksum": "afd470e4c2874065def22b7e061357e2"
        },
        {
          "type": "renderModule",
          "assetId": "ZRWwG4oA8Yi6",
          "checksum": "9b9f35ac32ad9491ace695183fc4956d"
        },
        {
          "type": "cssRules",
          "assetId": "ZRWwG4oA8Yi6",
          "checksum": "9b9f35ac32ad9491ace695183fc4956d"
        },
        {
          "type": "renderModule",
          "assetId": "mWazXCwPQ9iZ",
          "checksum": "66d5999d250f17af15762f7055f00b41"
        },
        {
          "type": "cssRules",
          "assetId": "mWazXCwPQ9iZ",
          "checksum": "66d5999d250f17af15762f7055f00b41"
        },
        {
          "type": "renderModule",
          "assetId": "IsuBJaFpBL0Q",
          "checksum": "3ac11bfd83b97c8584e91eb241e4f19e"
        },
        {
          "type": "cssRules",
          "assetId": "IsuBJaFpBL0Q",
          "checksum": "3ac11bfd83b97c8584e91eb241e4f19e"
        },
        {
          "type": "renderModule",
          "assetId": "vaLDzh7b3fRg",
          "checksum": "0e93bd2ad25b45f2825a6451e96764bd"
        },
        {
          "type": "cssRules",
          "assetId": "vaLDzh7b3fRg",
          "checksum": "0e93bd2ad25b45f2825a6451e96764bd"
        },
        {
          "type": "renderModule",
          "assetId": "nUoaqN-SaUuh",
          "checksum": "84cc111d79d50e050ce4f0c9b2114d82"
        },
        {
          "type": "cssRules",
          "assetId": "nUoaqN-SaUuh",
          "checksum": "84cc111d79d50e050ce4f0c9b2114d82"
        },
        {
          "type": "renderModule",
          "assetId": "zKW15j6BOZKj",
          "checksum": "09148dca185dbadd6b01d952ed6f224e"
        },
        {
          "type": "cssRules",
          "assetId": "zKW15j6BOZKj",
          "checksum": "09148dca185dbadd6b01d952ed6f224e"
        },
        {
          "type": "renderModule",
          "assetId": "wMVlJStffjfS",
          "checksum": "b016e8d3f8a74e23e8dadd8256df6af7"
        },
        {
          "type": "cssRules",
          "assetId": "wMVlJStffjfS",
          "checksum": "b016e8d3f8a74e23e8dadd8256df6af7"
        },
        {
          "type": "renderModule",
          "assetId": "r22yJiNXgfNi",
          "checksum": "11506075c7c2e1a20b6f2ea87127475c"
        },
        {
          "type": "cssRules",
          "assetId": "r22yJiNXgfNi",
          "checksum": "11506075c7c2e1a20b6f2ea87127475c"
        },
        {
          "type": "renderModule",
          "assetId": "IStPeNoST8Q2e",
          "checksum": "ef7f5dc9a803b0a1b40fbc353503f220"
        },
        {
          "type": "cssRules",
          "assetId": "IStPeNoST8Q2e",
          "checksum": "ef7f5dc9a803b0a1b40fbc353503f220"
        },
        {
          "type": "renderModule",
          "assetId": "x4fp1MA4UJs1L",
          "checksum": "58d95eff6c7c55c8465892c025533a11"
        },
        {
          "type": "cssRules",
          "assetId": "x4fp1MA4UJs1L",
          "checksum": "58d95eff6c7c55c8465892c025533a11"
        },
        {
          "type": "renderModule",
          "assetId": "CI7yRFwlBYHw5",
          "checksum": "8b6afd7a7785a89e0f46d5dce0ff89a4"
        },
        {
          "type": "cssRules",
          "assetId": "CI7yRFwlBYHw5",
          "checksum": "8b6afd7a7785a89e0f46d5dce0ff89a4"
        },
        {
          "type": "renderModule",
          "assetId": "nSpHNwCeKuqqp",
          "checksum": "2b9183c4ad919358ef1c46866ac263fa"
        },
        {
          "type": "cssRules",
          "assetId": "nSpHNwCeKuqqp",
          "checksum": "2b9183c4ad919358ef1c46866ac263fa"
        },
        {
          "type": "renderModule",
          "assetId": "FrwivlOXo2S0F",
          "checksum": "6af4c982d3dd66108c446800ba1faaaa"
        },
        {
          "type": "cssRules",
          "assetId": "FrwivlOXo2S0F",
          "checksum": "6af4c982d3dd66108c446800ba1faaaa"
        },
        {
          "type": "renderModule",
          "assetId": "0t5rcKFbv_0B3",
          "checksum": "2e4b098b184e1ad82ec8e9fdda2544a7"
        },
        {
          "type": "cssRules",
          "assetId": "0t5rcKFbv_0B3",
          "checksum": "2e4b098b184e1ad82ec8e9fdda2544a7"
        },
        {
          "type": "renderModule",
          "assetId": "h_bE5tDp-g_qD",
          "checksum": "439f1a2e2dc814712741341ae8b5a4c8"
        },
        {
          "type": "cssRules",
          "assetId": "h_bE5tDp-g_qD",
          "checksum": "439f1a2e2dc814712741341ae8b5a4c8"
        },
        {
          "type": "renderModule",
          "assetId": "sBGvayD3ZNIJr",
          "checksum": "a66ed77181bd1a77372b8af7baaf7c42"
        },
        {
          "type": "cssRules",
          "assetId": "sBGvayD3ZNIJr",
          "checksum": "a66ed77181bd1a77372b8af7baaf7c42"
        },
        {
          "type": "renderModule",
          "assetId": "_M9fa5FkwVPpn",
          "checksum": "4fd61fa926b0464d71446631e786901a"
        },
        {
          "type": "cssRules",
          "assetId": "_M9fa5FkwVPpn",
          "checksum": "4fd61fa926b0464d71446631e786901a"
        },
        {
          "type": "renderModule",
          "assetId": "nu7JkibSa3eQx",
          "checksum": "d4d96c9123732fee279a813185ec0e70"
        },
        {
          "type": "cssRules",
          "assetId": "nu7JkibSa3eQx",
          "checksum": "d4d96c9123732fee279a813185ec0e70"
        },
        {
          "type": "renderModule",
          "assetId": "5cpzhhwX7Owj_",
          "checksum": "e816749716c32198d19ae52fed52704e"
        },
        {
          "type": "cssRules",
          "assetId": "5cpzhhwX7Owj_",
          "checksum": "e816749716c32198d19ae52fed52704e"
        },
        {
          "type": "renderModule",
          "assetId": "vz4a1UERqclDH",
          "checksum": "95391a22f1f42d8e5fa36267c9a43d66"
        },
        {
          "type": "cssRules",
          "assetId": "vz4a1UERqclDH",
          "checksum": "95391a22f1f42d8e5fa36267c9a43d66"
        },
        {
          "type": "renderModule",
          "assetId": "gOmKVjvbbghdE",
          "checksum": "11e275bc7bcb3136c9dddc14472b81a5"
        },
        {
          "type": "cssRules",
          "assetId": "gOmKVjvbbghdE",
          "checksum": "11e275bc7bcb3136c9dddc14472b81a5"
        },
        {
          "type": "renderModule",
          "assetId": "KA6q3imCnqsbF",
          "checksum": "41f23356f02f647e0e516c83a3dc4ec3"
        },
        {
          "type": "cssRules",
          "assetId": "KA6q3imCnqsbF",
          "checksum": "41f23356f02f647e0e516c83a3dc4ec3"
        },
        {
          "type": "renderModule",
          "assetId": "AC6bznn7tmFYn",
          "checksum": "16f12ae4be4ac5194abe28bee312459e"
        },
        {
          "type": "cssRules",
          "assetId": "AC6bznn7tmFYn",
          "checksum": "16f12ae4be4ac5194abe28bee312459e"
        },
        {
          "type": "renderModule",
          "assetId": "kU1m5FPc2a5My",
          "checksum": "9af86cb782daee3fcb91b3b58b8257ce"
        },
        {
          "type": "cssRules",
          "assetId": "kU1m5FPc2a5My",
          "checksum": "9af86cb782daee3fcb91b3b58b8257ce"
        },
        {
          "type": "renderModule",
          "assetId": "on_QsmvmH5kf7",
          "checksum": "9b8970be291fa6d18d6585845509385a"
        },
        {
          "type": "cssRules",
          "assetId": "on_QsmvmH5kf7",
          "checksum": "9b8970be291fa6d18d6585845509385a"
        },
        {
          "type": "renderModule",
          "assetId": "VM0Dpcz31K9dh",
          "checksum": "2192b9d5a33a6620b12799b9a704da7f"
        },
        {
          "type": "cssRules",
          "assetId": "VM0Dpcz31K9dh",
          "checksum": "2192b9d5a33a6620b12799b9a704da7f"
        },
        {
          "type": "renderModule",
          "assetId": "ko5kBeM3j85Xu",
          "checksum": "019b3039462bbe6628e45708c389c93c"
        },
        {
          "type": "cssRules",
          "assetId": "ko5kBeM3j85Xu",
          "checksum": "019b3039462bbe6628e45708c389c93c"
        },
        {
          "type": "renderModule",
          "assetId": "rTfzdKn1lYOJq",
          "checksum": "92ca14ee010fd83a197fef41fff882d0"
        },
        {
          "type": "cssRules",
          "assetId": "rTfzdKn1lYOJq",
          "checksum": "92ca14ee010fd83a197fef41fff882d0"
        },
        {
          "type": "renderModule",
          "assetId": "R3WCWeHKuq5y5",
          "checksum": "4176476fc6399e775c40972874e3bbcc"
        },
        {
          "type": "cssRules",
          "assetId": "R3WCWeHKuq5y5",
          "checksum": "4176476fc6399e775c40972874e3bbcc"
        },
        {
          "type": "renderModule",
          "assetId": "iWuCh0SyNoxnD",
          "checksum": "2431b8216ff5ae51189b663192221b04"
        },
        {
          "type": "cssRules",
          "assetId": "iWuCh0SyNoxnD",
          "checksum": "2431b8216ff5ae51189b663192221b04"
        },
        {
          "type": "renderModule",
          "assetId": "dhu3kyzxiOqgB",
          "checksum": "41c5ddb643cddca3dd04e8e61c2db5fc"
        },
        {
          "type": "cssRules",
          "assetId": "dhu3kyzxiOqgB",
          "checksum": "41c5ddb643cddca3dd04e8e61c2db5fc"
        },
        {
          "type": "renderModule",
          "assetId": "waVoSFoV5R7zU",
          "checksum": "03318d08e4c21dbe73a39a3c9df91423"
        },
        {
          "type": "cssRules",
          "assetId": "waVoSFoV5R7zU",
          "checksum": "03318d08e4c21dbe73a39a3c9df91423"
        },
        {
          "type": "renderModule",
          "assetId": "TlbeBRXtuTB9L",
          "checksum": "53853ea42199df0d2297dbbad7580152"
        },
        {
          "type": "cssRules",
          "assetId": "TlbeBRXtuTB9L",
          "checksum": "53853ea42199df0d2297dbbad7580152"
        },
        {
          "type": "renderModule",
          "assetId": "W2WumQXn_-J0W",
          "checksum": "850a7e988fbfff6b3d6001123f9b5386"
        },
        {
          "type": "cssRules",
          "assetId": "W2WumQXn_-J0W",
          "checksum": "850a7e988fbfff6b3d6001123f9b5386"
        },
        {
          "type": "renderModule",
          "assetId": "-cqUzbUBXjFJx",
          "checksum": "bcab9cfd373cc9708a611a3ef750a4f7"
        },
        {
          "type": "cssRules",
          "assetId": "-cqUzbUBXjFJx",
          "checksum": "bcab9cfd373cc9708a611a3ef750a4f7"
        },
        {
          "type": "renderModule",
          "assetId": "DFbof02UqGfTn",
          "checksum": "d2ad08833ae27740218035c903059d1d"
        },
        {
          "type": "cssRules",
          "assetId": "DFbof02UqGfTn",
          "checksum": "d2ad08833ae27740218035c903059d1d"
        },
        {
          "type": "renderModule",
          "assetId": "btc73q-zFH7DS",
          "checksum": "cc38e05b1b7e07d885050c9cbf97274f"
        },
        {
          "type": "cssRules",
          "assetId": "btc73q-zFH7DS",
          "checksum": "cc38e05b1b7e07d885050c9cbf97274f"
        },
        {
          "type": "renderModule",
          "assetId": "QgDsTE_NqkI",
          "checksum": "80f0b2afcf2d609d949040027af8756a"
        },
        {
          "type": "cssRules",
          "assetId": "QgDsTE_NqkI",
          "checksum": "80f0b2afcf2d609d949040027af8756a"
        },
        {
          "type": "renderModule",
          "assetId": "Z7h6SUCuOzMVv",
          "checksum": "bd2403a6894de634ff144d88d34283f1"
        },
        {
          "type": "cssRules",
          "assetId": "Z7h6SUCuOzMVv",
          "checksum": "bd2403a6894de634ff144d88d34283f1"
        },
        {
          "type": "renderModule",
          "assetId": "NoXcw2RyuxiJC",
          "checksum": "e7bd7a394080ac066e89dc9a270db23b"
        },
        {
          "type": "cssRules",
          "assetId": "NoXcw2RyuxiJC",
          "checksum": "e7bd7a394080ac066e89dc9a270db23b"
        },
        {
          "type": "renderModule",
          "assetId": "j1bjKi6E8mzbt",
          "checksum": "f777834de910332f9395ecd7c8e6ee7f"
        },
        {
          "type": "cssRules",
          "assetId": "j1bjKi6E8mzbt",
          "checksum": "f777834de910332f9395ecd7c8e6ee7f"
        },
        {
          "type": "renderModule",
          "assetId": "PTpXkavzH-h9r",
          "checksum": "bf6cebd8e9911db400a3346c39e168f1"
        },
        {
          "type": "cssRules",
          "assetId": "PTpXkavzH-h9r",
          "checksum": "bf6cebd8e9911db400a3346c39e168f1"
        },
        {
          "type": "renderModule",
          "assetId": "5PwmdlifKvUDQ",
          "checksum": "d2cc26060e9655241cba9f61045878b9"
        },
        {
          "type": "cssRules",
          "assetId": "5PwmdlifKvUDQ",
          "checksum": "d2cc26060e9655241cba9f61045878b9"
        },
        {
          "type": "renderModule",
          "assetId": "Xiupp25edQarl",
          "checksum": "e4e4db481aaa51779ab750023ef20d78"
        },
        {
          "type": "cssRules",
          "assetId": "Xiupp25edQarl",
          "checksum": "e4e4db481aaa51779ab750023ef20d78"
        },
        {
          "type": "renderModule",
          "assetId": "G-Gj1lhO9DsOj",
          "checksum": "72f9a939d9c92b4774feb128451c73d3"
        },
        {
          "type": "cssRules",
          "assetId": "G-Gj1lhO9DsOj",
          "checksum": "72f9a939d9c92b4774feb128451c73d3"
        },
        {
          "type": "renderModule",
          "assetId": "K57xZE1mnbhVY",
          "checksum": "351e249b901a8e829ca876b47eb36479"
        },
        {
          "type": "cssRules",
          "assetId": "K57xZE1mnbhVY",
          "checksum": "351e249b901a8e829ca876b47eb36479"
        },
        {
          "type": "renderModule",
          "assetId": "mtwSOqCJWTXmL",
          "checksum": "1389e169467d9a03e14c00dc3f71e3f5"
        },
        {
          "type": "cssRules",
          "assetId": "mtwSOqCJWTXmL",
          "checksum": "1389e169467d9a03e14c00dc3f71e3f5"
        },
        {
          "type": "renderModule",
          "assetId": "h0Qj6dDOPtChh",
          "checksum": "cf74d6f89fc83df350ddc79f7c66de1b"
        },
        {
          "type": "cssRules",
          "assetId": "h0Qj6dDOPtChh",
          "checksum": "cf74d6f89fc83df350ddc79f7c66de1b"
        },
        {
          "type": "renderModule",
          "assetId": "3nErXc5Qbspou",
          "checksum": "1801d679aed631fe507a87048d3b4049"
        },
        {
          "type": "cssRules",
          "assetId": "3nErXc5Qbspou",
          "checksum": "1801d679aed631fe507a87048d3b4049"
        },
        {
          "type": "renderModule",
          "assetId": "aQTqx6wdnEkXY",
          "checksum": "e7736c5f3169d2f1209cb89618d250e6"
        },
        {
          "type": "cssRules",
          "assetId": "aQTqx6wdnEkXY",
          "checksum": "e7736c5f3169d2f1209cb89618d250e6"
        },
        {
          "type": "renderModule",
          "assetId": "9vEDmL7rhc3-H",
          "checksum": "deaccd4714a92c2e21061bdf1d71332e"
        },
        {
          "type": "cssRules",
          "assetId": "9vEDmL7rhc3-H",
          "checksum": "deaccd4714a92c2e21061bdf1d71332e"
        },
        {
          "type": "renderModule",
          "assetId": "abf1_R1FcQ3Qw",
          "checksum": "6bae5ec44c4a724c006b9d04416b92b1"
        },
        {
          "type": "cssRules",
          "assetId": "abf1_R1FcQ3Qw",
          "checksum": "6bae5ec44c4a724c006b9d04416b92b1"
        },
        {
          "type": "renderModule",
          "assetId": "npUo1GkIR3ONg",
          "checksum": "fdb74a3fae8dc788cd55f79cbdf61e70"
        },
        {
          "type": "cssRules",
          "assetId": "npUo1GkIR3ONg",
          "checksum": "fdb74a3fae8dc788cd55f79cbdf61e70"
        },
        {
          "type": "renderModule",
          "assetId": "-FDBWvo99y94w",
          "checksum": "b694b1aa24eb9db79ae9968db7c1f179"
        },
        {
          "type": "cssRules",
          "assetId": "-FDBWvo99y94w",
          "checksum": "b694b1aa24eb9db79ae9968db7c1f179"
        },
        {
          "type": "renderModule",
          "assetId": "weDLyk19MUtzQ",
          "checksum": "514c5871590b433153dcb3301c98c5b3"
        },
        {
          "type": "cssRules",
          "assetId": "weDLyk19MUtzQ",
          "checksum": "514c5871590b433153dcb3301c98c5b3"
        },
        {
          "type": "renderModule",
          "assetId": "tLIckHcDssJ34",
          "checksum": "66940f6fb0b4c6694db590027a6860d4"
        },
        {
          "type": "cssRules",
          "assetId": "tLIckHcDssJ34",
          "checksum": "66940f6fb0b4c6694db590027a6860d4"
        },
        {
          "type": "renderModule",
          "assetId": "U0M2gJ3YyIn0M",
          "checksum": "b544a482af9fb53721df47991515e509"
        },
        {
          "type": "cssRules",
          "assetId": "U0M2gJ3YyIn0M",
          "checksum": "b544a482af9fb53721df47991515e509"
        },
        {
          "type": "renderModule",
          "assetId": "hCiDL8Hm8fX-m",
          "checksum": "6c615c0e54b8035f7b028c0bf65a2230"
        },
        {
          "type": "cssRules",
          "assetId": "hCiDL8Hm8fX-m",
          "checksum": "6c615c0e54b8035f7b028c0bf65a2230"
        },
        {
          "type": "renderModule",
          "assetId": "VzSKXeGGAT2Kn",
          "checksum": "aaf9879af43ba14bf3aa83951db86242"
        },
        {
          "type": "cssRules",
          "assetId": "VzSKXeGGAT2Kn",
          "checksum": "aaf9879af43ba14bf3aa83951db86242"
        },
        {
          "type": "renderModule",
          "assetId": "dv3l_WlZUEKiV",
          "checksum": "0c87bbb72c17e92982c858ef8be0f0a0"
        },
        {
          "type": "cssRules",
          "assetId": "dv3l_WlZUEKiV",
          "checksum": "0c87bbb72c17e92982c858ef8be0f0a0"
        },
        {
          "type": "renderModule",
          "assetId": "ZB9YGVkVLsNYa",
          "checksum": "c8765329db4ff3f0e32c52c27425d73a"
        },
        {
          "type": "cssRules",
          "assetId": "ZB9YGVkVLsNYa",
          "checksum": "c8765329db4ff3f0e32c52c27425d73a"
        },
        {
          "type": "renderModule",
          "assetId": "nFZwxrZGmGr3j",
          "checksum": "36d78324326165b83c2308abe23a9b7e"
        },
        {
          "type": "cssRules",
          "assetId": "nFZwxrZGmGr3j",
          "checksum": "36d78324326165b83c2308abe23a9b7e"
        },
        {
          "type": "renderModule",
          "assetId": "lLk3sLYkw65LC",
          "checksum": "5b67142618a7c93d4388c8bb189ac6ba"
        },
        {
          "type": "cssRules",
          "assetId": "lLk3sLYkw65LC",
          "checksum": "5b67142618a7c93d4388c8bb189ac6ba"
        },
        {
          "type": "renderModule",
          "assetId": "ZtxGJ5g5Ptn",
          "checksum": "23b8e41e1907a297b5742c91bff9d6b7"
        },
        {
          "type": "cssRules",
          "assetId": "ZtxGJ5g5Ptn",
          "checksum": "23b8e41e1907a297b5742c91bff9d6b7"
        },
        {
          "type": "icon",
          "assetId": "qDGFHIvN-P_Cv",
          "checksum": "3e9cd81efbfeb829d3c69e49e6a3c728"
        },
        {
          "type": "icon",
          "assetId": "SPNDUwHyJLxrG",
          "checksum": "9dd535c7475863d92188fb0d9e3f7649"
        },
        {
          "type": "icon",
          "assetId": "UJJ05084XSw3R",
          "checksum": "43200b4d0d8fd3ee59e925f0b0632d01"
        },
        {
          "type": "icon",
          "assetId": "qkjV9V6H8kt4P",
          "checksum": "ec628db8d0eff8f30c94e7b6691122b1"
        },
        {
          "type": "icon",
          "assetId": "YAYURrHtypJfI",
          "checksum": "c609a46e94f3c8a91bd9f3d78f89d0b9"
        },
        {
          "type": "icon",
          "assetId": "aXG1pwnCi-_8l",
          "checksum": "84facd8426998902858591e7fcf9936c"
        },
        {
          "type": "icon",
          "assetId": "jXI8ceT4BBV4k",
          "checksum": "d8d0bd31afd0fd34b5a9cf4e52a660d3"
        },
        {
          "type": "icon",
          "assetId": "Esg1kqfcS2nTS",
          "checksum": "b5f241e2286626eb92a0592203cd10d7"
        },
        {
          "type": "icon",
          "assetId": "-aQTl8nrWqx9w",
          "checksum": "77624fe0f8b6b3e8d5099e1224ffc2c8"
        },
        {
          "type": "icon",
          "assetId": "3YkUnyEGhb1aq",
          "checksum": "4c7c20ca889b078587da266519fc0154"
        },
        {
          "type": "icon",
          "assetId": "Cb5WO4hEpCKxn",
          "checksum": "065b443833ad10ef245b654272a65711"
        },
        {
          "type": "icon",
          "assetId": "OZ6bujQavuuwv",
          "checksum": "e2e1d13c877a1beeb104908bcf2422c9"
        },
        {
          "type": "icon",
          "assetId": "Jhp7iF54AfKud",
          "checksum": "5ca452befff31b9b9d50c99673cd04fb"
        },
        {
          "type": "icon",
          "assetId": "1Sz5JHs0g2SlY",
          "checksum": "8b51ccef3db0fbbe983efc530ca1f1a2"
        },
        {
          "type": "image",
          "assetId": "Sn-6l3K1jUZar",
          "checksum": "6dc9a69f519ff94410a4060099f5977f"
        },
        {
          "type": "image",
          "assetId": "2JQF9SrEM7Xa7",
          "checksum": "daee4ee16ddebd5e1fa9a02a9fcea9d8"
        },
        {
          "type": "image",
          "assetId": "BVI4eAleP9vHp",
          "checksum": "0e8d68ee271b289268b0f3eb0f06596d"
        },
        {
          "type": "image",
          "assetId": "Vnsz-6kUr3E1S",
          "checksum": "88e3a84833c1b4e00623d4cc969456ff"
        },
        {
          "type": "image",
          "assetId": "OxgDRzpsxl9i2",
          "checksum": "b154287614ce28e1aa487f4694c4d8cb"
        },
        {
          "type": "image",
          "assetId": "hXB-MkVL5CWgH",
          "checksum": "218e9dbc08211b9fc6faff36ff834c5b"
        },
        {
          "type": "image",
          "assetId": "im8i4xMY2c1hA",
          "checksum": "fe19d2a424ccdeddb0db3cb8d94c04d2"
        },
        {
          "type": "image",
          "assetId": "uULWmqhe1-Qzc",
          "checksum": "a2474fbf424eefee90648ba63469fcc4"
        },
        {
          "type": "image",
          "assetId": "4THlFyDUdpufl",
          "checksum": "b8e604b8cb8a4c02c5a5bad2ac2bec4d"
        },
        {
          "type": "image",
          "assetId": "mICmTOq54pi-b",
          "checksum": "f5ce52d47f2531f74408edf7986ce93f"
        },
        {
          "type": "image",
          "assetId": "MDZmaGsHEAZB5",
          "checksum": "81fa44a01afd0cf13f0564e107e8d65e"
        },
        {
          "type": "image",
          "assetId": "m_BJIeQWRvXbs",
          "checksum": "2d116371b46d4f25b21ff5def21d1871"
        },
        {
          "type": "image",
          "assetId": "HazzIRsT8Modf",
          "checksum": "13e8fd40eb5a8085b39dcc29178a3606"
        },
        {
          "type": "image",
          "assetId": "FSvcdihhWI1_k",
          "checksum": "8d979fc54974e8b726eaac0817ebeac0"
        },
        {
          "type": "image",
          "assetId": "8UTPxf7v_xjJd",
          "checksum": "ffcc1eeb7a00f9e3192fcf591f011dc4"
        },
        {
          "type": "image",
          "assetId": "V7Ydg6Rby6RFY",
          "checksum": "269984d9a088dfcbc8b9a8107f7d677e"
        },
        {
          "type": "image",
          "assetId": "MyzYftFlFyu8Y",
          "checksum": "54ea138d966b3e2333903d551c65ae7d"
        },
        {
          "type": "image",
          "assetId": "ucptv52Mu-Rvh",
          "checksum": "729847353b676facf50cbf6147cbd0ed"
        },
        {
          "type": "image",
          "assetId": "3j0xMnD-UDG7F",
          "checksum": "a3f6e73fa4f5024ac568ed606a0665d8"
        },
        {
          "type": "image",
          "assetId": "fBxiVT7nm5U-d",
          "checksum": "4bf5f09393ec5f8fafd30105b20cf84a"
        },
        {
          "type": "image",
          "assetId": "65mM6MaU8Vhvy",
          "checksum": "ba5e25e5af36b86271d04895798c7159"
        },
        {
          "type": "image",
          "assetId": "5Ze5Ff5-Ww1W2",
          "checksum": "ea9291f973bed9e6b26a0b0b033ff9e0"
        },
        {
          "type": "image",
          "assetId": "ooqko-nsBenxg",
          "checksum": "abc51f57782a95f92314409037e1537f"
        },
        {
          "type": "image",
          "assetId": "elS2F3pTG2Ecg",
          "checksum": "a7d19b4d3dad10f3541bae425adc77ef"
        },
        {
          "type": "image",
          "assetId": "W9RL3v15y1ZEE",
          "checksum": "8b9c968371441c1cfe6f33ea791c8362"
        },
        {
          "type": "image",
          "assetId": "r6UKPcQ4gjnbP",
          "checksum": "4c39e2aeb58109f6048529b04742f4f4"
        },
        {
          "type": "image",
          "assetId": "0HziX6rHJkVNB",
          "checksum": "e2d3f59286c32030e107be90adf1a93d"
        },
        {
          "type": "image",
          "assetId": "xnrfOoLhlaIbV",
          "checksum": "12231e33329fdf72523bf5a11a4aee50"
        },
        {
          "type": "image",
          "assetId": "WOuecsJ-LtI2K",
          "checksum": "33067bb08d087bbcaa744f5c83b41496"
        },
        {
          "type": "image",
          "assetId": "mLouvZkd86lKt",
          "checksum": "1d957ebbd65c4ad20e1e48646cf38b53"
        },
        {
          "type": "image",
          "assetId": "jYb2ib8ra3ZJC",
          "checksum": "82334af5e3f65f75a9c8f866d52c368f"
        },
        {
          "type": "image",
          "assetId": "BuRu04DXsCUdJ",
          "checksum": "27289b135f5dc99a7aecd2c9373241a1"
        },
        {
          "type": "image",
          "assetId": "gqoboE1rbGEF0",
          "checksum": "2b942a999e87857ef032bad58db53103"
        },
        {
          "type": "image",
          "assetId": "SgAtpXBEuDbin",
          "checksum": "513ded62cb31e058725a944a2dcf2cc9"
        },
        {
          "type": "image",
          "assetId": "uU6-R01pzOfhc",
          "checksum": "8dfd0fa311068e947b199887ae8bae53"
        },
        {
          "type": "image",
          "assetId": "qBfW9WHHDNbhn",
          "checksum": "4e4d8a217771df3672589a6095b3c517"
        },
        {
          "type": "image",
          "assetId": "ySWdyUx9de6Vv",
          "checksum": "041da4ad0c3f0ddd2ac7d0457a3ec6a7"
        },
        {
          "type": "image",
          "assetId": "iZSH1JXxuneoe",
          "checksum": "653848e9d00f98bf7390898f16867075"
        },
        {
          "type": "image",
          "assetId": "igl7_GA6zEvCN",
          "checksum": "1fd2c54ced8e9b31c423c749b4508695"
        },
        {
          "type": "image",
          "assetId": "4-zfuZz0bUElA",
          "checksum": "d187df380b1aaf6ab62243a41946e520"
        },
        {
          "type": "image",
          "assetId": "q7GbhACly9IHU",
          "checksum": "ca7d4bec97a939cdb787e8ff17bd1b69"
        },
        {
          "type": "image",
          "assetId": "kutNaoTckGjQf",
          "checksum": "e50b18674ac8f34c19c0fa660f5970af"
        },
        {
          "type": "image",
          "assetId": "UYRnLw2WAYfjk",
          "checksum": "bae376900b0cb32ced3200ca8765ecb1"
        },
        {
          "type": "image",
          "assetId": "VGyU2tATmKWnV",
          "checksum": "08d20a36f8814b3317215a48a90af8ac"
        },
        {
          "type": "image",
          "assetId": "HUMvPuu7GvO67",
          "checksum": "1b582dd9ddcfc3128167bd055e581337"
        },
        {
          "type": "image",
          "assetId": "4ZVBedHo0m2zG",
          "checksum": "bd1c95bba79935973e3318029070a4cf"
        },
        {
          "type": "image",
          "assetId": "C6VNc_YFnV4lJ",
          "checksum": "b6a2462ce07da6a6f01257ac80b4952e"
        },
        {
          "type": "image",
          "assetId": "wBKFqFA-0rnau",
          "checksum": "eabe5fe8f95398587243c196510ca3f8"
        },
        {
          "type": "image",
          "assetId": "W6UiTlnQa9OpG",
          "checksum": "208d77228fa6fb35aecf71d5720bb2d4"
        },
        {
          "type": "image",
          "assetId": "o7UxfwU8vEf6u",
          "checksum": "010e9482703b0c71e86cec95fddbc9f6"
        },
        {
          "type": "image",
          "assetId": "b8TTneZeNaL55",
          "checksum": "0923d4e6545de341085ae5f1546735a5"
        },
        {
          "type": "image",
          "assetId": "2jXQK9Hb_MERJ",
          "checksum": "ceef1433e59b369867f2953bdcd47346"
        },
        {
          "type": "image",
          "assetId": "iDqKVRBvQA1Eq",
          "checksum": "bfd599e21418e12d7e1a89850ccce20a"
        },
        {
          "type": "image",
          "assetId": "p96p30ZsV0VbZ",
          "checksum": "a0a8fc8312c05ddb5f0f6fff7b4e16b2"
        },
        {
          "type": "image",
          "assetId": "yEPu5OZ_sAcgX",
          "checksum": "b7e4a443fbdf21a5bae2f137416f1ef1"
        },
        {
          "type": "image",
          "assetId": "ME1UGuagXY81E",
          "checksum": "4db117b524113295d13354dc34b23245"
        },
        {
          "type": "image",
          "assetId": "PqGnJMtphOJhz",
          "checksum": "5ce48d089018931ba0c8f5bb69641033"
        },
        {
          "type": "image",
          "assetId": "fOcm1fJKIWNSX",
          "checksum": "e55d3d0f360acb821df5a636663b613a"
        },
        {
          "type": "image",
          "assetId": "lXI5zvUbD1eUB",
          "checksum": "79449923550b712675ade32ad88b2876"
        },
        {
          "type": "image",
          "assetId": "Z72yzhayNPse8",
          "checksum": "1396124c9637505479d9c21d3d328070"
        },
        {
          "type": "image",
          "assetId": "0XA6XaAtLRnjK",
          "checksum": "31bd7aa4c71eeadc2c946afad21ef58d"
        },
        {
          "type": "image",
          "assetId": "tEv6kfp9FQPUc",
          "checksum": "990d1489f77d784e275b86e1587738e2"
        },
        {
          "type": "image",
          "assetId": "nBA_zQ9K-eYBk",
          "checksum": "b921c8db079630e59a753b8f4f9ada71"
        },
        {
          "type": "image",
          "assetId": "qRC8hFMPPop8z",
          "checksum": "87a855aa9422bc783209eb1c0ddb8903"
        },
        {
          "type": "image",
          "assetId": "Y4SCj6aWRjBS_",
          "checksum": "ccb7e5fba9dc4ebd62dbfda2836075a7"
        },
        {
          "type": "image",
          "assetId": "gCvoPfA4VTaZQ",
          "checksum": "f46bde4c94370512954ea56f71284314"
        },
        {
          "type": "image",
          "assetId": "mJ3GgpgaZMLvx",
          "checksum": "a2637dfeebabc6ebc53a33f21ac29c22"
        },
        {
          "type": "image",
          "assetId": "hFf7x8y5tYj_P",
          "checksum": "6c285b19e32c877032ddf322d1dc9364"
        },
        {
          "type": "image",
          "assetId": "-FgZjux6hoAYJ",
          "checksum": "19714ed4cece5b8f6cce54a36b6a00fe"
        },
        {
          "type": "image",
          "assetId": "bV_ND3QKSSL1o",
          "checksum": "fa6dfc3fe030f91c684b23fd544a8e99"
        },
        {
          "type": "image",
          "assetId": "SrhwwMt9yVUrk",
          "checksum": "ca8620af59eed293c92e58f9f05a8671"
        },
        {
          "type": "image",
          "assetId": "YSYIlcdHUj2I4",
          "checksum": "1576a5552c29076ef8fc152cbd741e53"
        },
        {
          "type": "image",
          "assetId": "zxZIfeSUwtz9w",
          "checksum": "2f64cb40d23972e51e0c0ef1c5364a96"
        },
        {
          "type": "image",
          "assetId": "FKbTAR2-OS2r9",
          "checksum": "dfbf6fcacc80a4bc354ffb74c0c09110"
        },
        {
          "type": "image",
          "assetId": "cevU8AK0YdNjG",
          "checksum": "24d65381ceff7deb5ea1ac0a140539f9"
        },
        {
          "type": "image",
          "assetId": "Gp0sJ5orS-icV",
          "checksum": "06e7327c888c1d2b4fb2b54642e5225c"
        },
        {
          "type": "image",
          "assetId": "UsKdzhdJMUiy2",
          "checksum": "462ab44cab19b9380c7df201a48976e3"
        },
        {
          "type": "image",
          "assetId": "WWqCNCU67eb1b",
          "checksum": "c2bcf91681edf76d85670f13bb13a6ed"
        },
        {
          "type": "image",
          "assetId": "vXhHFUTto2xU-",
          "checksum": "232c3a9ba701e79cd77f61a603b7c485"
        },
        {
          "type": "image",
          "assetId": "YiLvKv2xEKEtW",
          "checksum": "5426ad9f038546abd6caf580320dae3c"
        },
        {
          "type": "image",
          "assetId": "ZqwWD0FVReRJ_",
          "checksum": "5e964971773afaba1133ec90ac81e381"
        },
        {
          "type": "image",
          "assetId": "rEc8epA6i5RlI",
          "checksum": "005710c90fa7d0eec957670236c33e9c"
        },
        {
          "type": "image",
          "assetId": "3tJqM9juqJ4ub",
          "checksum": "427a3113a2c6d3f0932e3d0c2516ecdf"
        },
        {
          "type": "image",
          "assetId": "00uTjMVQIW31x",
          "checksum": "b042a91e3fa1e75e041205f1feece5d8"
        },
        {
          "type": "image",
          "assetId": "JKP7fxe1PY9aw",
          "checksum": "ea7b2e7db8812ba2ee3377cbc9b4309a"
        },
        {
          "type": "image",
          "assetId": "_aA_VLz4FKB7c",
          "checksum": "385eac06f44f18a72769bcd9762dd481"
        },
        {
          "type": "image",
          "assetId": "i6NZ9voRQLF1c",
          "checksum": "6de0fa85e3451ad1a6ce3c21b9cfc73d"
        },
        {
          "type": "image",
          "assetId": "v0APv92sJQ2Pm",
          "checksum": "647f483606d34b960037af8231be39f0"
        },
        {
          "type": "image",
          "assetId": "oQZKyC5-SrMvf",
          "checksum": "bf0d0501e6e5f74f2fab8f3ab59bd16c"
        },
        {
          "type": "image",
          "assetId": "jkA9kHXnq9obk",
          "checksum": "df10d5ced805e69718fce39297ca60b1"
        },
        {
          "type": "image",
          "assetId": "DdKzT8W617U5t",
          "checksum": "eef83f8f5accd6fc062b83462199ce08"
        },
        {
          "type": "image",
          "assetId": "HlUh0Ujf8GmY_",
          "checksum": "f1fed1bb75e258a694ae4b199c9e048d"
        },
        {
          "type": "image",
          "assetId": "LJLkxU3pU7Kom",
          "checksum": "d0ca99198c51c75444a4e243ae17bd18"
        },
        {
          "type": "image",
          "assetId": "JC12G69mGIYCg",
          "checksum": "2b0d34bbf525da0dc1f2b67abdfe1a96"
        },
        {
          "type": "image",
          "assetId": "r8KKtclboIrMa",
          "checksum": "f59845ad103add82d5a686b1098a4e29"
        },
        {
          "type": "image",
          "assetId": "-PMNA3Tglwszq",
          "checksum": "a5cb68e97336e8af2c29236c25536202"
        },
        {
          "type": "image",
          "assetId": "OyGDw5bMTxDpu",
          "checksum": "43d065c8a2c1cd8da9e2a299dc682499"
        },
        {
          "type": "image",
          "assetId": "ZLdMsHTlyxyE4",
          "checksum": "88d0aa2ffdad6ef30ad45de3bcdaf77e"
        },
        {
          "type": "image",
          "assetId": "KryqyY4k196nL",
          "checksum": "4f61a7a7891064ae233a5875751a38cd"
        },
        {
          "type": "image",
          "assetId": "xntysfFCSz4e5",
          "checksum": "43b88428759c5e2d0d3e8c7fd896fb55"
        },
        {
          "type": "image",
          "assetId": "vQhgVku43t2bw",
          "checksum": "f6edacaec71b511fab9e90ce1bef2473"
        },
        {
          "type": "image",
          "assetId": "IONaDh7L1GZUu",
          "checksum": "e42845ea1a9cde12d299ebd295134529"
        },
        {
          "type": "image",
          "assetId": "9JZ3hyT0NkqWY",
          "checksum": "970b8f02f1779d9e74ac587e0cccb3cb"
        },
        {
          "type": "image",
          "assetId": "Inzy13bIYx0tP",
          "checksum": "ff3c19586ab648ffe488c936da89f070"
        },
        {
          "type": "image",
          "assetId": "a33gKKWsjvT0Q",
          "checksum": "4df3950ae634ba35023a664488ba870f"
        },
        {
          "type": "image",
          "assetId": "Lg7f4r2S_5jCd",
          "checksum": "1ab51c0727b76f4de3c4c5787ab95cd0"
        },
        {
          "type": "image",
          "assetId": "aVub1KnCe5t73",
          "checksum": "3def3c0f33bbbb5e960f49f3f5e92a7c"
        },
        {
          "type": "image",
          "assetId": "c6GiH8MFifiDy",
          "checksum": "7862cfb007d2bdc7ba45a41182cc4458"
        },
        {
          "type": "image",
          "assetId": "GG1TBfZKEEDmw",
          "checksum": "57adaeab1fe36f7bd1f35a765a6b33bf"
        },
        {
          "type": "image",
          "assetId": "OMDpnGvDjHfmy",
          "checksum": "c3675963e629ca8713b6abbb20f92bf9"
        },
        {
          "type": "image",
          "assetId": "mrlaCxzl6PHJN",
          "checksum": "0c7253bf402f56041b92a0854f0cec59"
        },
        {
          "type": "image",
          "assetId": "6yG0gnRk6VTn9",
          "checksum": "0c0c8545965c47f1b45d4887c036fb35"
        },
        {
          "type": "image",
          "assetId": "Pll-Oz22zFC8a",
          "checksum": "75d0fda8750b6e441f177276103ca9dc"
        },
        {
          "type": "image",
          "assetId": "HG3xBlFNvchbD",
          "checksum": "1e0205af83d4dc3056fa8d65cff61da0"
        },
        {
          "type": "image",
          "assetId": "jxv52gMDHTat0",
          "checksum": "44370b4353ad39e969a981177c66bbea"
        },
        {
          "type": "image",
          "assetId": "CvrvhSF7BH606",
          "checksum": "f5d1c6ffffd5b29873a8f56c44351dc8"
        },
        {
          "type": "image",
          "assetId": "Xb8Rtop2QIf6s",
          "checksum": "1ab04358e49fc493c9ae8e01fb8143cc"
        },
        {
          "type": "image",
          "assetId": "QNIdFvPwABfGS",
          "checksum": "1a4747b7769f50eecc9e268ca4b26211"
        },
        {
          "type": "image",
          "assetId": "nCO8WZXzxPVKB",
          "checksum": "7ca68afc7c5f44d271714d074f1950a4"
        },
        {
          "type": "image",
          "assetId": "ZlB-7DbQNpZ5N",
          "checksum": "d45fc31d3f22018f489e74883147b3f2"
        },
        {
          "type": "image",
          "assetId": "wpBZw1qhe8Mro",
          "checksum": "8f8e6a0d57def51ed4c21ec082a3b76c"
        },
        {
          "type": "image",
          "assetId": "uqGq3IqPEYkTY",
          "checksum": "6b09e8a04b8a6ef87e99c25b44ff3b1b"
        }
      ],
      "codegenVersion": "0.0.1"
    }
  ],
  "cliVersion": "0.1.221"
}
